dependencies:
  cmd_system:
    dependencies: []
    source:
      path: /home/rock/esp32/esp-idf-v5.5.2/examples/system/console/advanced/components/cmd_system
      type: local
    version: '*'
  esp-qa/ping-cmd:
    component_hash: 1cec883d3fb4dd22fbbe1916528d3e322c0bf2497ec13ddecb36c3dd783f766a
    dependencies:
    - name: idf
      require: private
      version: '>=4.3'
    source:
      registry_url: https://components.espressif.com/
      type: service
    version: 0.0.1
  esp-qa/wifi-cmd:
    component_hash: fd7076573a3c2f060071f58ac67faf5c21a06206a2ba9a593115c7234f98549c
    dependencies:
    - name: idf
      require: private
      version: '>=4.3'
    source:
      registry_url: https://components.espressif.com/
      type: service
    version: 0.1.10
  espressif/iperf:
    component_hash: f4c2beaae50478a626995130d2611c628b7a568cd0799022758c05658928410c
    dependencies:
    - name: idf
      require: private
      version: '>=4.3'
    source:
      registry_url: https://components.espressif.com/
      type: service
    version: 0.1.4
  espressif/iperf-cmd:
    component_hash: 1bb639fa395a34c72a1dacf53342c798c4c7d56731b370c5efc75063e831bf32
    dependencies:
    - name: espressif/iperf
      registry_url: https://components.espressif.com
      require: private
      version: =0.1.4
    - name: idf
      require: private
      version: '>=4.3'
    source:
      registry_url: https://components.espressif.com/
      type: service
    version: 0.1.4
  idf:
    source:
      type: idf
    version: 5.5.2
direct_dependencies:
- cmd_system
- esp-qa/ping-cmd
- esp-qa/wifi-cmd
- espressif/iperf
- espressif/iperf-cmd
manifest_hash: 23b58899af2573009beb25db086f0099b4e6389407f4a3fe8dc86f60b45c83a6
target: esp32c3
version: 2.0.0
